
Microsoft Visual Studio Solution File, Format Version 12.00
# Visual Studio 15
VisualStudioVersion = 15.0.27703.2042
MinimumVisualStudioVersion = 10.0.40219.1
Project("{D954291E-2A0B-460D-934E-DC6B0785DB48}") = "Chalice_Shared", "Chalice_Shared\Chalice_Shared.shproj", "{A0CDBD0E-3A41-42B7-9425-A838BC2C7383}"
EndProject
Project("{FAE04EC0-301F-11D3-BF4B-00C04F79EFBC}") = "Chalice_Desktop", "Chalice_Desktop\Chalice_Desktop.csproj", "{020939D8-D92D-41A1-96BF-E0E261CFE279}"
EndProject
Project("{FAE04EC0-301F-11D3-BF4B-00C04F79EFBC}") = "Nez", "..\Nez\Nez.Portable\Nez.csproj", "{60B7197D-D0D5-405C-90A2-A56903E9B039}"
EndProject
Global
	GlobalSection(SharedMSBuildProjectFiles) = preSolution
		Chalice_Shared\Chalice_Shared.projitems*{020939d8-d92d-41a1-96bf-e0e261cfe279}*SharedItemsImports = 4
		Chalice_Shared\Chalice_Shared.projitems*{a0cdbd0e-3a41-42b7-9425-a838bc2c7383}*SharedItemsImports = 13
	EndGlobalSection
	GlobalSection(SolutionConfigurationPlatforms) = preSolution
		Debug|Any CPU = Debug|Any CPU
		Release|Any CPU = Release|Any CPU
	EndGlobalSection
	GlobalSection(ProjectConfigurationPlatforms) = postSolution
		{020939D8-D92D-41A1-96BF-E0E261CFE279}.Debug|Any CPU.ActiveCfg = Debug|Any CPU
		{020939D8-D92D-41A1-96BF-E0E261CFE279}.Debug|Any CPU.Build.0 = Debug|Any CPU
		{020939D8-D92D-41A1-96BF-E0E261CFE279}.Release|Any CPU.ActiveCfg = Release|Any CPU
		{020939D8-D92D-41A1-96BF-E0E261CFE279}.Release|Any CPU.Build.0 = Release|Any CPU
		{60B7197D-D0D5-405C-90A2-A56903E9B039}.Debug|Any CPU.ActiveCfg = Debug|Any CPU
		{60B7197D-D0D5-405C-90A2-A56903E9B039}.Debug|Any CPU.Build.0 = Debug|Any CPU
		{60B7197D-D0D5-405C-90A2-A56903E9B039}.Release|Any CPU.ActiveCfg = Release|Any CPU
		{60B7197D-D0D5-405C-90A2-A56903E9B039}.Release|Any CPU.Build.0 = Release|Any CPU
	EndGlobalSection
	GlobalSection(SolutionProperties) = preSolution
		HideSolutionNode = FALSE
	EndGlobalSection
	GlobalSection(ExtensibilityGlobals) = postSolution
		SolutionGuid = {D07E844C-2707-4B3C-B0B1-038796408808}
	EndGlobalSection
EndGlobal
